
Microsoft Visual Studio Solution File, Format Version 12.00
# Visual Studio 15
VisualStudioVersion = 15.0.28307.489
MinimumVisualStudioVersion = 10.0.40219.1
Project("{2150E333-8FDC-42A3-9474-1A3956D46DE8}") = "Pie Chart", "Pie Chart", "{D13460D8-7EED-433F-A3FE-4270C6F73862}"
EndProject
Project("{FAE04EC0-301F-11D3-BF4B-00C04F79EFBC}") = "TestChart.Android", "TestChart\TestChart.Android\TestChart.Android.csproj", "{758EB123-BBBA-4D3F-B5E9-98837FD8B441}"
EndProject
Project("{FAE04EC0-301F-11D3-BF4B-00C04F79EFBC}") = "TestChart.iOS", "TestChart\TestChart.iOS\TestChart.iOS.csproj", "{CD52B670-EFB5-47E2-9F34-3C86517E79CE}"
EndProject
Project("{9A19103F-16F7-4668-BE54-9A1E7A4F7556}") = "TestChart", "TestChart\TestChart\TestChart.csproj", "{2E31930C-751F-4DD9-BBEF-D488DE920EE7}"
EndProject
Project("{FAE04EC0-301F-11D3-BF4B-00C04F79EFBC}") = "SfChart.Android", "SfChart\SfChart.Android\SfChart.Android.csproj", "{FA3DF0BC-936D-4142-9773-CABB8465409F}"
EndProject
Project("{FAE04EC0-301F-11D3-BF4B-00C04F79EFBC}") = "SfChart.iOS", "SfChart\SfChart.iOS\SfChart.iOS.csproj", "{23A5AD06-C791-4B2B-A045-CB03D6368F06}"
EndProject
Project("{9A19103F-16F7-4668-BE54-9A1E7A4F7556}") = "SfChart", "SfChart\SfChart\SfChart.csproj", "{92C06CFD-B473-43BD-8469-B5FB325F0F84}"
EndProject
Project("{2150E333-8FDC-42A3-9474-1A3956D46DE8}") = "3", "3", "{A8EC13F3-1EF1-49EC-9571-556190297374}"
EndProject
Project("{FAE04EC0-301F-11D3-BF4B-00C04F79EFBC}") = "App3.Android", "App3\App3.Android\App3.Android.csproj", "{A2243665-C9EE-423C-9E0A-0E34738E8D27}"
EndProject
Project("{FAE04EC0-301F-11D3-BF4B-00C04F79EFBC}") = "App3.iOS", "App3\App3.iOS\App3.iOS.csproj", "{2957BF06-019A-4B47-8AA5-BCA230ADBAEB}"
EndProject
Project("{9A19103F-16F7-4668-BE54-9A1E7A4F7556}") = "App3", "App3\App3\App3.csproj", "{478E8121-6BE8-47DC-ACD5-F6965B4FFF34}"
EndProject
Project("{2150E333-8FDC-42A3-9474-1A3956D46DE8}") = "Iseng", "Iseng", "{9880C6B5-A560-48EA-917A-C2553AD3C555}"
EndProject
Project("{FAE04EC0-301F-11D3-BF4B-00C04F79EFBC}") = "Kan.Android", "Kan\Kan.Android\Kan.Android.csproj", "{EA16F4E3-523B-4AD4-8D1D-6D607080FD6A}"
EndProject
Project("{FAE04EC0-301F-11D3-BF4B-00C04F79EFBC}") = "Kan.iOS", "Kan\Kan.iOS\Kan.iOS.csproj", "{D4B0E0CF-F30C-4345-848F-C0A114883BB4}"
EndProject
Project("{FAE04EC0-301F-11D3-BF4B-00C04F79EFBC}") = "Kan", "Kan\Kan\Kan.csproj", "{A75B10CC-301A-4049-80C1-F8D8D7295C0E}"
EndProject
Global
	GlobalSection(SolutionConfigurationPlatforms) = preSolution
		Ad-Hoc|Any CPU = Ad-Hoc|Any CPU
		Ad-Hoc|iPhone = Ad-Hoc|iPhone
		Ad-Hoc|iPhoneSimulator = Ad-Hoc|iPhoneSimulator
		AppStore|Any CPU = AppStore|Any CPU
		AppStore|iPhone = AppStore|iPhone
		AppStore|iPhoneSimulator = AppStore|iPhoneSimulator
		Debug|Any CPU = Debug|Any CPU
		Debug|iPhone = Debug|iPhone
		Debug|iPhoneSimulator = Debug|iPhoneSimulator
		Release|Any CPU = Release|Any CPU
		Release|iPhone = Release|iPhone
		Release|iPhoneSimulator = Release|iPhoneSimulator
	EndGlobalSection
	GlobalSection(ProjectConfigurationPlatforms) = postSolution
		{758EB123-BBBA-4D3F-B5E9-98837FD8B441}.Ad-Hoc|Any CPU.ActiveCfg = Release|Any CPU
		{758EB123-BBBA-4D3F-B5E9-98837FD8B441}.Ad-Hoc|Any CPU.Build.0 = Release|Any CPU
		{758EB123-BBBA-4D3F-B5E9-98837FD8B441}.Ad-Hoc|Any CPU.Deploy.0 = Release|Any CPU
		{758EB123-BBBA-4D3F-B5E9-98837FD8B441}.Ad-Hoc|iPhone.ActiveCfg = Release|Any CPU
		{758EB123-BBBA-4D3F-B5E9-98837FD8B441}.Ad-Hoc|iPhone.Build.0 = Release|Any CPU
		{758EB123-BBBA-4D3F-B5E9-98837FD8B441}.Ad-Hoc|iPhone.Deploy.0 = Release|Any CPU
		{758EB123-BBBA-4D3F-B5E9-98837FD8B441}.Ad-Hoc|iPhoneSimulator.ActiveCfg = Release|Any CPU
		{758EB123-BBBA-4D3F-B5E9-98837FD8B441}.Ad-Hoc|iPhoneSimulator.Build.0 = Release|Any CPU
		{758EB123-BBBA-4D3F-B5E9-98837FD8B441}.Ad-Hoc|iPhoneSimulator.Deploy.0 = Release|Any CPU
		{758EB123-BBBA-4D3F-B5E9-98837FD8B441}.AppStore|Any CPU.ActiveCfg = Release|Any CPU
		{758EB123-BBBA-4D3F-B5E9-98837FD8B441}.AppStore|Any CPU.Build.0 = Release|Any CPU
		{758EB123-BBBA-4D3F-B5E9-98837FD8B441}.AppStore|Any CPU.Deploy.0 = Release|Any CPU
		{758EB123-BBBA-4D3F-B5E9-98837FD8B441}.AppStore|iPhone.ActiveCfg = Release|Any CPU
		{758EB123-BBBA-4D3F-B5E9-98837FD8B441}.AppStore|iPhone.Build.0 = Release|Any CPU
		{758EB123-BBBA-4D3F-B5E9-98837FD8B441}.AppStore|iPhone.Deploy.0 = Release|Any CPU
		{758EB123-BBBA-4D3F-B5E9-98837FD8B441}.AppStore|iPhoneSimulator.ActiveCfg = Release|Any CPU
		{758EB123-BBBA-4D3F-B5E9-98837FD8B441}.AppStore|iPhoneSimulator.Build.0 = Release|Any CPU
		{758EB123-BBBA-4D3F-B5E9-98837FD8B441}.AppStore|iPhoneSimulator.Deploy.0 = Release|Any CPU
		{758EB123-BBBA-4D3F-B5E9-98837FD8B441}.Debug|Any CPU.ActiveCfg = Debug|Any CPU
		{758EB123-BBBA-4D3F-B5E9-98837FD8B441}.Debug|Any CPU.Build.0 = Debug|Any CPU
		{758EB123-BBBA-4D3F-B5E9-98837FD8B441}.Debug|Any CPU.Deploy.0 = Debug|Any CPU
		{758EB123-BBBA-4D3F-B5E9-98837FD8B441}.Debug|iPhone.ActiveCfg = Debug|Any CPU
		{758EB123-BBBA-4D3F-B5E9-98837FD8B441}.Debug|iPhone.Build.0 = Debug|Any CPU
		{758EB123-BBBA-4D3F-B5E9-98837FD8B441}.Debug|iPhone.Deploy.0 = Debug|Any CPU
		{758EB123-BBBA-4D3F-B5E9-98837FD8B441}.Debug|iPhoneSimulator.ActiveCfg = Debug|Any CPU
		{758EB123-BBBA-4D3F-B5E9-98837FD8B441}.Debug|iPhoneSimulator.Build.0 = Debug|Any CPU
		{758EB123-BBBA-4D3F-B5E9-98837FD8B441}.Debug|iPhoneSimulator.Deploy.0 = Debug|Any CPU
		{758EB123-BBBA-4D3F-B5E9-98837FD8B441}.Release|Any CPU.ActiveCfg = Release|Any CPU
		{758EB123-BBBA-4D3F-B5E9-98837FD8B441}.Release|Any CPU.Build.0 = Release|Any CPU
		{758EB123-BBBA-4D3F-B5E9-98837FD8B441}.Release|Any CPU.Deploy.0 = Release|Any CPU
		{758EB123-BBBA-4D3F-B5E9-98837FD8B441}.Release|iPhone.ActiveCfg = Release|Any CPU
		{758EB123-BBBA-4D3F-B5E9-98837FD8B441}.Release|iPhone.Build.0 = Release|Any CPU
		{758EB123-BBBA-4D3F-B5E9-98837FD8B441}.Release|iPhone.Deploy.0 = Release|Any CPU
		{758EB123-BBBA-4D3F-B5E9-98837FD8B441}.Release|iPhoneSimulator.ActiveCfg = Release|Any CPU
		{758EB123-BBBA-4D3F-B5E9-98837FD8B441}.Release|iPhoneSimulator.Build.0 = Release|Any CPU
		{758EB123-BBBA-4D3F-B5E9-98837FD8B441}.Release|iPhoneSimulator.Deploy.0 = Release|Any CPU
		{CD52B670-EFB5-47E2-9F34-3C86517E79CE}.Ad-Hoc|Any CPU.ActiveCfg = Ad-Hoc|iPhone
		{CD52B670-EFB5-47E2-9F34-3C86517E79CE}.Ad-Hoc|iPhone.ActiveCfg = Ad-Hoc|iPhone
		{CD52B670-EFB5-47E2-9F34-3C86517E79CE}.Ad-Hoc|iPhone.Build.0 = Ad-Hoc|iPhone
		{CD52B670-EFB5-47E2-9F34-3C86517E79CE}.Ad-Hoc|iPhoneSimulator.ActiveCfg = Ad-Hoc|iPhoneSimulator
		{CD52B670-EFB5-47E2-9F34-3C86517E79CE}.Ad-Hoc|iPhoneSimulator.Build.0 = Ad-Hoc|iPhoneSimulator
		{CD52B670-EFB5-47E2-9F34-3C86517E79CE}.AppStore|Any CPU.ActiveCfg = AppStore|iPhone
		{CD52B670-EFB5-47E2-9F34-3C86517E79CE}.AppStore|iPhone.ActiveCfg = AppStore|iPhone
		{CD52B670-EFB5-47E2-9F34-3C86517E79CE}.AppStore|iPhone.Build.0 = AppStore|iPhone
		{CD52B670-EFB5-47E2-9F34-3C86517E79CE}.AppStore|iPhoneSimulator.ActiveCfg = AppStore|iPhoneSimulator
		{CD52B670-EFB5-47E2-9F34-3C86517E79CE}.AppStore|iPhoneSimulator.Build.0 = AppStore|iPhoneSimulator
		{CD52B670-EFB5-47E2-9F34-3C86517E79CE}.Debug|Any CPU.ActiveCfg = Debug|iPhone
		{CD52B670-EFB5-47E2-9F34-3C86517E79CE}.Debug|iPhone.ActiveCfg = Debug|iPhone
		{CD52B670-EFB5-47E2-9F34-3C86517E79CE}.Debug|iPhone.Build.0 = Debug|iPhone
		{CD52B670-EFB5-47E2-9F34-3C86517E79CE}.Debug|iPhoneSimulator.ActiveCfg = Debug|iPhoneSimulator
		{CD52B670-EFB5-47E2-9F34-3C86517E79CE}.Debug|iPhoneSimulator.Build.0 = Debug|iPhoneSimulator
		{CD52B670-EFB5-47E2-9F34-3C86517E79CE}.Release|Any CPU.ActiveCfg = Release|iPhone
		{CD52B670-EFB5-47E2-9F34-3C86517E79CE}.Release|iPhone.ActiveCfg = Release|iPhone
		{CD52B670-EFB5-47E2-9F34-3C86517E79CE}.Release|iPhone.Build.0 = Release|iPhone
		{CD52B670-EFB5-47E2-9F34-3C86517E79CE}.Release|iPhoneSimulator.ActiveCfg = Release|iPhoneSimulator
		{CD52B670-EFB5-47E2-9F34-3C86517E79CE}.Release|iPhoneSimulator.Build.0 = Release|iPhoneSimulator
		{2E31930C-751F-4DD9-BBEF-D488DE920EE7}.Ad-Hoc|Any CPU.ActiveCfg = Debug|Any CPU
		{2E31930C-751F-4DD9-BBEF-D488DE920EE7}.Ad-Hoc|Any CPU.Build.0 = Debug|Any CPU
		{2E31930C-751F-4DD9-BBEF-D488DE920EE7}.Ad-Hoc|iPhone.ActiveCfg = Debug|Any CPU
		{2E31930C-751F-4DD9-BBEF-D488DE920EE7}.Ad-Hoc|iPhone.Build.0 = Debug|Any CPU
		{2E31930C-751F-4DD9-BBEF-D488DE920EE7}.Ad-Hoc|iPhoneSimulator.ActiveCfg = Debug|Any CPU
		{2E31930C-751F-4DD9-BBEF-D488DE920EE7}.Ad-Hoc|iPhoneSimulator.Build.0 = Debug|Any CPU
		{2E31930C-751F-4DD9-BBEF-D488DE920EE7}.AppStore|Any CPU.ActiveCfg = Debug|Any CPU
		{2E31930C-751F-4DD9-BBEF-D488DE920EE7}.AppStore|Any CPU.Build.0 = Debug|Any CPU
		{2E31930C-751F-4DD9-BBEF-D488DE920EE7}.AppStore|iPhone.ActiveCfg = Debug|Any CPU
		{2E31930C-751F-4DD9-BBEF-D488DE920EE7}.AppStore|iPhone.Build.0 = Debug|Any CPU
		{2E31930C-751F-4DD9-BBEF-D488DE920EE7}.AppStore|iPhoneSimulator.ActiveCfg = Debug|Any CPU
		{2E31930C-751F-4DD9-BBEF-D488DE920EE7}.AppStore|iPhoneSimulator.Build.0 = Debug|Any CPU
		{2E31930C-751F-4DD9-BBEF-D488DE920EE7}.Debug|Any CPU.ActiveCfg = Debug|Any CPU
		{2E31930C-751F-4DD9-BBEF-D488DE920EE7}.Debug|Any CPU.Build.0 = Debug|Any CPU
		{2E31930C-751F-4DD9-BBEF-D488DE920EE7}.Debug|iPhone.ActiveCfg = Debug|Any CPU
		{2E31930C-751F-4DD9-BBEF-D488DE920EE7}.Debug|iPhone.Build.0 = Debug|Any CPU
		{2E31930C-751F-4DD9-BBEF-D488DE920EE7}.Debug|iPhoneSimulator.ActiveCfg = Debug|Any CPU
		{2E31930C-751F-4DD9-BBEF-D488DE920EE7}.Debug|iPhoneSimulator.Build.0 = Debug|Any CPU
		{2E31930C-751F-4DD9-BBEF-D488DE920EE7}.Release|Any CPU.ActiveCfg = Release|Any CPU
		{2E31930C-751F-4DD9-BBEF-D488DE920EE7}.Release|Any CPU.Build.0 = Release|Any CPU
		{2E31930C-751F-4DD9-BBEF-D488DE920EE7}.Release|iPhone.ActiveCfg = Release|Any CPU
		{2E31930C-751F-4DD9-BBEF-D488DE920EE7}.Release|iPhone.Build.0 = Release|Any CPU
		{2E31930C-751F-4DD9-BBEF-D488DE920EE7}.Release|iPhoneSimulator.ActiveCfg = Release|Any CPU
		{2E31930C-751F-4DD9-BBEF-D488DE920EE7}.Release|iPhoneSimulator.Build.0 = Release|Any CPU
		{FA3DF0BC-936D-4142-9773-CABB8465409F}.Ad-Hoc|Any CPU.ActiveCfg = Release|Any CPU
		{FA3DF0BC-936D-4142-9773-CABB8465409F}.Ad-Hoc|Any CPU.Build.0 = Release|Any CPU
		{FA3DF0BC-936D-4142-9773-CABB8465409F}.Ad-Hoc|Any CPU.Deploy.0 = Release|Any CPU
		{FA3DF0BC-936D-4142-9773-CABB8465409F}.Ad-Hoc|iPhone.ActiveCfg = Release|Any CPU
		{FA3DF0BC-936D-4142-9773-CABB8465409F}.Ad-Hoc|iPhone.Build.0 = Release|Any CPU
		{FA3DF0BC-936D-4142-9773-CABB8465409F}.Ad-Hoc|iPhone.Deploy.0 = Release|Any CPU
		{FA3DF0BC-936D-4142-9773-CABB8465409F}.Ad-Hoc|iPhoneSimulator.ActiveCfg = Release|Any CPU
		{FA3DF0BC-936D-4142-9773-CABB8465409F}.Ad-Hoc|iPhoneSimulator.Build.0 = Release|Any CPU
		{FA3DF0BC-936D-4142-9773-CABB8465409F}.Ad-Hoc|iPhoneSimulator.Deploy.0 = Release|Any CPU
		{FA3DF0BC-936D-4142-9773-CABB8465409F}.AppStore|Any CPU.ActiveCfg = Release|Any CPU
		{FA3DF0BC-936D-4142-9773-CABB8465409F}.AppStore|Any CPU.Build.0 = Release|Any CPU
		{FA3DF0BC-936D-4142-9773-CABB8465409F}.AppStore|Any CPU.Deploy.0 = Release|Any CPU
		{FA3DF0BC-936D-4142-9773-CABB8465409F}.AppStore|iPhone.ActiveCfg = Release|Any CPU
		{FA3DF0BC-936D-4142-9773-CABB8465409F}.AppStore|iPhone.Build.0 = Release|Any CPU
		{FA3DF0BC-936D-4142-9773-CABB8465409F}.AppStore|iPhone.Deploy.0 = Release|Any CPU
		{FA3DF0BC-936D-4142-9773-CABB8465409F}.AppStore|iPhoneSimulator.ActiveCfg = Release|Any CPU
		{FA3DF0BC-936D-4142-9773-CABB8465409F}.AppStore|iPhoneSimulator.Build.0 = Release|Any CPU
		{FA3DF0BC-936D-4142-9773-CABB8465409F}.AppStore|iPhoneSimulator.Deploy.0 = Release|Any CPU
		{FA3DF0BC-936D-4142-9773-CABB8465409F}.Debug|Any CPU.ActiveCfg = Debug|Any CPU
		{FA3DF0BC-936D-4142-9773-CABB8465409F}.Debug|Any CPU.Build.0 = Debug|Any CPU
		{FA3DF0BC-936D-4142-9773-CABB8465409F}.Debug|Any CPU.Deploy.0 = Debug|Any CPU
		{FA3DF0BC-936D-4142-9773-CABB8465409F}.Debug|iPhone.ActiveCfg = Debug|Any CPU
		{FA3DF0BC-936D-4142-9773-CABB8465409F}.Debug|iPhone.Build.0 = Debug|Any CPU
		{FA3DF0BC-936D-4142-9773-CABB8465409F}.Debug|iPhone.Deploy.0 = Debug|Any CPU
		{FA3DF0BC-936D-4142-9773-CABB8465409F}.Debug|iPhoneSimulator.ActiveCfg = Debug|Any CPU
		{FA3DF0BC-936D-4142-9773-CABB8465409F}.Debug|iPhoneSimulator.Build.0 = Debug|Any CPU
		{FA3DF0BC-936D-4142-9773-CABB8465409F}.Debug|iPhoneSimulator.Deploy.0 = Debug|Any CPU
		{FA3DF0BC-936D-4142-9773-CABB8465409F}.Release|Any CPU.ActiveCfg = Release|Any CPU
		{FA3DF0BC-936D-4142-9773-CABB8465409F}.Release|Any CPU.Build.0 = Release|Any CPU
		{FA3DF0BC-936D-4142-9773-CABB8465409F}.Release|Any CPU.Deploy.0 = Release|Any CPU
		{FA3DF0BC-936D-4142-9773-CABB8465409F}.Release|iPhone.ActiveCfg = Release|Any CPU
		{FA3DF0BC-936D-4142-9773-CABB8465409F}.Release|iPhone.Build.0 = Release|Any CPU
		{FA3DF0BC-936D-4142-9773-CABB8465409F}.Release|iPhone.Deploy.0 = Release|Any CPU
		{FA3DF0BC-936D-4142-9773-CABB8465409F}.Release|iPhoneSimulator.ActiveCfg = Release|Any CPU
		{FA3DF0BC-936D-4142-9773-CABB8465409F}.Release|iPhoneSimulator.Build.0 = Release|Any CPU
		{FA3DF0BC-936D-4142-9773-CABB8465409F}.Release|iPhoneSimulator.Deploy.0 = Release|Any CPU
		{23A5AD06-C791-4B2B-A045-CB03D6368F06}.Ad-Hoc|Any CPU.ActiveCfg = Ad-Hoc|iPhone
		{23A5AD06-C791-4B2B-A045-CB03D6368F06}.Ad-Hoc|iPhone.ActiveCfg = Ad-Hoc|iPhone
		{23A5AD06-C791-4B2B-A045-CB03D6368F06}.Ad-Hoc|iPhone.Build.0 = Ad-Hoc|iPhone
		{23A5AD06-C791-4B2B-A045-CB03D6368F06}.Ad-Hoc|iPhoneSimulator.ActiveCfg = Ad-Hoc|iPhoneSimulator
		{23A5AD06-C791-4B2B-A045-CB03D6368F06}.Ad-Hoc|iPhoneSimulator.Build.0 = Ad-Hoc|iPhoneSimulator
		{23A5AD06-C791-4B2B-A045-CB03D6368F06}.AppStore|Any CPU.ActiveCfg = AppStore|iPhone
		{23A5AD06-C791-4B2B-A045-CB03D6368F06}.AppStore|iPhone.ActiveCfg = AppStore|iPhone
		{23A5AD06-C791-4B2B-A045-CB03D6368F06}.AppStore|iPhone.Build.0 = AppStore|iPhone
		{23A5AD06-C791-4B2B-A045-CB03D6368F06}.AppStore|iPhoneSimulator.ActiveCfg = AppStore|iPhoneSimulator
		{23A5AD06-C791-4B2B-A045-CB03D6368F06}.AppStore|iPhoneSimulator.Build.0 = AppStore|iPhoneSimulator
		{23A5AD06-C791-4B2B-A045-CB03D6368F06}.Debug|Any CPU.ActiveCfg = Debug|iPhone
		{23A5AD06-C791-4B2B-A045-CB03D6368F06}.Debug|iPhone.ActiveCfg = Debug|iPhone
		{23A5AD06-C791-4B2B-A045-CB03D6368F06}.Debug|iPhone.Build.0 = Debug|iPhone
		{23A5AD06-C791-4B2B-A045-CB03D6368F06}.Debug|iPhoneSimulator.ActiveCfg = Debug|iPhoneSimulator
		{23A5AD06-C791-4B2B-A045-CB03D6368F06}.Debug|iPhoneSimulator.Build.0 = Debug|iPhoneSimulator
		{23A5AD06-C791-4B2B-A045-CB03D6368F06}.Release|Any CPU.ActiveCfg = Release|iPhone
		{23A5AD06-C791-4B2B-A045-CB03D6368F06}.Release|iPhone.ActiveCfg = Release|iPhone
		{23A5AD06-C791-4B2B-A045-CB03D6368F06}.Release|iPhone.Build.0 = Release|iPhone
		{23A5AD06-C791-4B2B-A045-CB03D6368F06}.Release|iPhoneSimulator.ActiveCfg = Release|iPhoneSimulator
		{23A5AD06-C791-4B2B-A045-CB03D6368F06}.Release|iPhoneSimulator.Build.0 = Release|iPhoneSimulator
		{92C06CFD-B473-43BD-8469-B5FB325F0F84}.Ad-Hoc|Any CPU.ActiveCfg = Debug|Any CPU
		{92C06CFD-B473-43BD-8469-B5FB325F0F84}.Ad-Hoc|Any CPU.Build.0 = Debug|Any CPU
		{92C06CFD-B473-43BD-8469-B5FB325F0F84}.Ad-Hoc|iPhone.ActiveCfg = Debug|Any CPU
		{92C06CFD-B473-43BD-8469-B5FB325F0F84}.Ad-Hoc|iPhone.Build.0 = Debug|Any CPU
		{92C06CFD-B473-43BD-8469-B5FB325F0F84}.Ad-Hoc|iPhoneSimulator.ActiveCfg = Debug|Any CPU
		{92C06CFD-B473-43BD-8469-B5FB325F0F84}.Ad-Hoc|iPhoneSimulator.Build.0 = Debug|Any CPU
		{92C06CFD-B473-43BD-8469-B5FB325F0F84}.AppStore|Any CPU.ActiveCfg = Debug|Any CPU
		{92C06CFD-B473-43BD-8469-B5FB325F0F84}.AppStore|Any CPU.Build.0 = Debug|Any CPU
		{92C06CFD-B473-43BD-8469-B5FB325F0F84}.AppStore|iPhone.ActiveCfg = Debug|Any CPU
		{92C06CFD-B473-43BD-8469-B5FB325F0F84}.AppStore|iPhone.Build.0 = Debug|Any CPU
		{92C06CFD-B473-43BD-8469-B5FB325F0F84}.AppStore|iPhoneSimulator.ActiveCfg = Debug|Any CPU
		{92C06CFD-B473-43BD-8469-B5FB325F0F84}.AppStore|iPhoneSimulator.Build.0 = Debug|Any CPU
		{92C06CFD-B473-43BD-8469-B5FB325F0F84}.Debug|Any CPU.ActiveCfg = Debug|Any CPU
		{92C06CFD-B473-43BD-8469-B5FB325F0F84}.Debug|Any CPU.Build.0 = Debug|Any CPU
		{92C06CFD-B473-43BD-8469-B5FB325F0F84}.Debug|iPhone.ActiveCfg = Debug|Any CPU
		{92C06CFD-B473-43BD-8469-B5FB325F0F84}.Debug|iPhone.Build.0 = Debug|Any CPU
		{92C06CFD-B473-43BD-8469-B5FB325F0F84}.Debug|iPhoneSimulator.ActiveCfg = Debug|Any CPU
		{92C06CFD-B473-43BD-8469-B5FB325F0F84}.Debug|iPhoneSimulator.Build.0 = Debug|Any CPU
		{92C06CFD-B473-43BD-8469-B5FB325F0F84}.Release|Any CPU.ActiveCfg = Release|Any CPU
		{92C06CFD-B473-43BD-8469-B5FB325F0F84}.Release|Any CPU.Build.0 = Release|Any CPU
		{92C06CFD-B473-43BD-8469-B5FB325F0F84}.Release|iPhone.ActiveCfg = Release|Any CPU
		{92C06CFD-B473-43BD-8469-B5FB325F0F84}.Release|iPhone.Build.0 = Release|Any CPU
		{92C06CFD-B473-43BD-8469-B5FB325F0F84}.Release|iPhoneSimulator.ActiveCfg = Release|Any CPU
		{92C06CFD-B473-43BD-8469-B5FB325F0F84}.Release|iPhoneSimulator.Build.0 = Release|Any CPU
		{A2243665-C9EE-423C-9E0A-0E34738E8D27}.Ad-Hoc|Any CPU.ActiveCfg = Release|Any CPU
		{A2243665-C9EE-423C-9E0A-0E34738E8D27}.Ad-Hoc|Any CPU.Build.0 = Release|Any CPU
		{A2243665-C9EE-423C-9E0A-0E34738E8D27}.Ad-Hoc|Any CPU.Deploy.0 = Release|Any CPU
		{A2243665-C9EE-423C-9E0A-0E34738E8D27}.Ad-Hoc|iPhone.ActiveCfg = Release|Any CPU
		{A2243665-C9EE-423C-9E0A-0E34738E8D27}.Ad-Hoc|iPhone.Build.0 = Release|Any CPU
		{A2243665-C9EE-423C-9E0A-0E34738E8D27}.Ad-Hoc|iPhone.Deploy.0 = Release|Any CPU
		{A2243665-C9EE-423C-9E0A-0E34738E8D27}.Ad-Hoc|iPhoneSimulator.ActiveCfg = Release|Any CPU
		{A2243665-C9EE-423C-9E0A-0E34738E8D27}.Ad-Hoc|iPhoneSimulator.Build.0 = Release|Any CPU
		{A2243665-C9EE-423C-9E0A-0E34738E8D27}.Ad-Hoc|iPhoneSimulator.Deploy.0 = Release|Any CPU
		{A2243665-C9EE-423C-9E0A-0E34738E8D27}.AppStore|Any CPU.ActiveCfg = Release|Any CPU
		{A2243665-C9EE-423C-9E0A-0E34738E8D27}.AppStore|Any CPU.Build.0 = Release|Any CPU
		{A2243665-C9EE-423C-9E0A-0E34738E8D27}.AppStore|Any CPU.Deploy.0 = Release|Any CPU
		{A2243665-C9EE-423C-9E0A-0E34738E8D27}.AppStore|iPhone.ActiveCfg = Release|Any CPU
		{A2243665-C9EE-423C-9E0A-0E34738E8D27}.AppStore|iPhone.Build.0 = Release|Any CPU
		{A2243665-C9EE-423C-9E0A-0E34738E8D27}.AppStore|iPhone.Deploy.0 = Release|Any CPU
		{A2243665-C9EE-423C-9E0A-0E34738E8D27}.AppStore|iPhoneSimulator.ActiveCfg = Release|Any CPU
		{A2243665-C9EE-423C-9E0A-0E34738E8D27}.AppStore|iPhoneSimulator.Build.0 = Release|Any CPU
		{A2243665-C9EE-423C-9E0A-0E34738E8D27}.AppStore|iPhoneSimulator.Deploy.0 = Release|Any CPU
		{A2243665-C9EE-423C-9E0A-0E34738E8D27}.Debug|Any CPU.ActiveCfg = Debug|Any CPU
		{A2243665-C9EE-423C-9E0A-0E34738E8D27}.Debug|Any CPU.Build.0 = Debug|Any CPU
		{A2243665-C9EE-423C-9E0A-0E34738E8D27}.Debug|Any CPU.Deploy.0 = Debug|Any CPU
		{A2243665-C9EE-423C-9E0A-0E34738E8D27}.Debug|iPhone.ActiveCfg = Debug|Any CPU
		{A2243665-C9EE-423C-9E0A-0E34738E8D27}.Debug|iPhone.Build.0 = Debug|Any CPU
		{A2243665-C9EE-423C-9E0A-0E34738E8D27}.Debug|iPhone.Deploy.0 = Debug|Any CPU
		{A2243665-C9EE-423C-9E0A-0E34738E8D27}.Debug|iPhoneSimulator.ActiveCfg = Debug|Any CPU
		{A2243665-C9EE-423C-9E0A-0E34738E8D27}.Debug|iPhoneSimulator.Build.0 = Debug|Any CPU
		{A2243665-C9EE-423C-9E0A-0E34738E8D27}.Debug|iPhoneSimulator.Deploy.0 = Debug|Any CPU
		{A2243665-C9EE-423C-9E0A-0E34738E8D27}.Release|Any CPU.ActiveCfg = Release|Any CPU
		{A2243665-C9EE-423C-9E0A-0E34738E8D27}.Release|Any CPU.Build.0 = Release|Any CPU
		{A2243665-C9EE-423C-9E0A-0E34738E8D27}.Release|Any CPU.Deploy.0 = Release|Any CPU
		{A2243665-C9EE-423C-9E0A-0E34738E8D27}.Release|iPhone.ActiveCfg = Release|Any CPU
		{A2243665-C9EE-423C-9E0A-0E34738E8D27}.Release|iPhone.Build.0 = Release|Any CPU
		{A2243665-C9EE-423C-9E0A-0E34738E8D27}.Release|iPhone.Deploy.0 = Release|Any CPU
		{A2243665-C9EE-423C-9E0A-0E34738E8D27}.Release|iPhoneSimulator.ActiveCfg = Release|Any CPU
		{A2243665-C9EE-423C-9E0A-0E34738E8D27}.Release|iPhoneSimulator.Build.0 = Release|Any CPU
		{A2243665-C9EE-423C-9E0A-0E34738E8D27}.Release|iPhoneSimulator.Deploy.0 = Release|Any CPU
		{2957BF06-019A-4B47-8AA5-BCA230ADBAEB}.Ad-Hoc|Any CPU.ActiveCfg = Ad-Hoc|iPhone
		{2957BF06-019A-4B47-8AA5-BCA230ADBAEB}.Ad-Hoc|iPhone.ActiveCfg = Ad-Hoc|iPhone
		{2957BF06-019A-4B47-8AA5-BCA230ADBAEB}.Ad-Hoc|iPhone.Build.0 = Ad-Hoc|iPhone
		{2957BF06-019A-4B47-8AA5-BCA230ADBAEB}.Ad-Hoc|iPhoneSimulator.ActiveCfg = Ad-Hoc|iPhoneSimulator
		{2957BF06-019A-4B47-8AA5-BCA230ADBAEB}.Ad-Hoc|iPhoneSimulator.Build.0 = Ad-Hoc|iPhoneSimulator
		{2957BF06-019A-4B47-8AA5-BCA230ADBAEB}.AppStore|Any CPU.ActiveCfg = AppStore|iPhone
		{2957BF06-019A-4B47-8AA5-BCA230ADBAEB}.AppStore|iPhone.ActiveCfg = AppStore|iPhone
		{2957BF06-019A-4B47-8AA5-BCA230ADBAEB}.AppStore|iPhone.Build.0 = AppStore|iPhone
		{2957BF06-019A-4B47-8AA5-BCA230ADBAEB}.AppStore|iPhoneSimulator.ActiveCfg = AppStore|iPhoneSimulator
		{2957BF06-019A-4B47-8AA5-BCA230ADBAEB}.AppStore|iPhoneSimulator.Build.0 = AppStore|iPhoneSimulator
		{2957BF06-019A-4B47-8AA5-BCA230ADBAEB}.Debug|Any CPU.ActiveCfg = Debug|iPhone
		{2957BF06-019A-4B47-8AA5-BCA230ADBAEB}.Debug|iPhone.ActiveCfg = Debug|iPhone
		{2957BF06-019A-4B47-8AA5-BCA230ADBAEB}.Debug|iPhone.Build.0 = Debug|iPhone
		{2957BF06-019A-4B47-8AA5-BCA230ADBAEB}.Debug|iPhoneSimulator.ActiveCfg = Debug|iPhoneSimulator
		{2957BF06-019A-4B47-8AA5-BCA230ADBAEB}.Debug|iPhoneSimulator.Build.0 = Debug|iPhoneSimulator
		{2957BF06-019A-4B47-8AA5-BCA230ADBAEB}.Release|Any CPU.ActiveCfg = Release|iPhone
		{2957BF06-019A-4B47-8AA5-BCA230ADBAEB}.Release|iPhone.ActiveCfg = Release|iPhone
		{2957BF06-019A-4B47-8AA5-BCA230ADBAEB}.Release|iPhone.Build.0 = Release|iPhone
		{2957BF06-019A-4B47-8AA5-BCA230ADBAEB}.Release|iPhoneSimulator.ActiveCfg = Release|iPhoneSimulator
		{2957BF06-019A-4B47-8AA5-BCA230ADBAEB}.Release|iPhoneSimulator.Build.0 = Release|iPhoneSimulator
		{478E8121-6BE8-47DC-ACD5-F6965B4FFF34}.Ad-Hoc|Any CPU.ActiveCfg = Debug|Any CPU
		{478E8121-6BE8-47DC-ACD5-F6965B4FFF34}.Ad-Hoc|Any CPU.Build.0 = Debug|Any CPU
		{478E8121-6BE8-47DC-ACD5-F6965B4FFF34}.Ad-Hoc|iPhone.ActiveCfg = Debug|Any CPU
		{478E8121-6BE8-47DC-ACD5-F6965B4FFF34}.Ad-Hoc|iPhone.Build.0 = Debug|Any CPU
		{478E8121-6BE8-47DC-ACD5-F6965B4FFF34}.Ad-Hoc|iPhoneSimulator.ActiveCfg = Debug|Any CPU
		{478E8121-6BE8-47DC-ACD5-F6965B4FFF34}.Ad-Hoc|iPhoneSimulator.Build.0 = Debug|Any CPU
		{478E8121-6BE8-47DC-ACD5-F6965B4FFF34}.AppStore|Any CPU.ActiveCfg = Debug|Any CPU
		{478E8121-6BE8-47DC-ACD5-F6965B4FFF34}.AppStore|Any CPU.Build.0 = Debug|Any CPU
		{478E8121-6BE8-47DC-ACD5-F6965B4FFF34}.AppStore|iPhone.ActiveCfg = Debug|Any CPU
		{478E8121-6BE8-47DC-ACD5-F6965B4FFF34}.AppStore|iPhone.Build.0 = Debug|Any CPU
		{478E8121-6BE8-47DC-ACD5-F6965B4FFF34}.AppStore|iPhoneSimulator.ActiveCfg = Debug|Any CPU
		{478E8121-6BE8-47DC-ACD5-F6965B4FFF34}.AppStore|iPhoneSimulator.Build.0 = Debug|Any CPU
		{478E8121-6BE8-47DC-ACD5-F6965B4FFF34}.Debug|Any CPU.ActiveCfg = Debug|Any CPU
		{478E8121-6BE8-47DC-ACD5-F6965B4FFF34}.Debug|Any CPU.Build.0 = Debug|Any CPU
		{478E8121-6BE8-47DC-ACD5-F6965B4FFF34}.Debug|iPhone.ActiveCfg = Debug|Any CPU
		{478E8121-6BE8-47DC-ACD5-F6965B4FFF34}.Debug|iPhone.Build.0 = Debug|Any CPU
		{478E8121-6BE8-47DC-ACD5-F6965B4FFF34}.Debug|iPhoneSimulator.ActiveCfg = Debug|Any CPU
		{478E8121-6BE8-47DC-ACD5-F6965B4FFF34}.Debug|iPhoneSimulator.Build.0 = Debug|Any CPU
		{478E8121-6BE8-47DC-ACD5-F6965B4FFF34}.Release|Any CPU.ActiveCfg = Release|Any CPU
		{478E8121-6BE8-47DC-ACD5-F6965B4FFF34}.Release|Any CPU.Build.0 = Release|Any CPU
		{478E8121-6BE8-47DC-ACD5-F6965B4FFF34}.Release|iPhone.ActiveCfg = Release|Any CPU
		{478E8121-6BE8-47DC-ACD5-F6965B4FFF34}.Release|iPhone.Build.0 = Release|Any CPU
		{478E8121-6BE8-47DC-ACD5-F6965B4FFF34}.Release|iPhoneSimulator.ActiveCfg = Release|Any CPU
		{478E8121-6BE8-47DC-ACD5-F6965B4FFF34}.Release|iPhoneSimulator.Build.0 = Release|Any CPU
		{EA16F4E3-523B-4AD4-8D1D-6D607080FD6A}.Ad-Hoc|Any CPU.ActiveCfg = Release|Any CPU
		{EA16F4E3-523B-4AD4-8D1D-6D607080FD6A}.Ad-Hoc|Any CPU.Build.0 = Release|Any CPU
		{EA16F4E3-523B-4AD4-8D1D-6D607080FD6A}.Ad-Hoc|Any CPU.Deploy.0 = Release|Any CPU
		{EA16F4E3-523B-4AD4-8D1D-6D607080FD6A}.Ad-Hoc|iPhone.ActiveCfg = Release|Any CPU
		{EA16F4E3-523B-4AD4-8D1D-6D607080FD6A}.Ad-Hoc|iPhone.Build.0 = Release|Any CPU
		{EA16F4E3-523B-4AD4-8D1D-6D607080FD6A}.Ad-Hoc|iPhone.Deploy.0 = Release|Any CPU
		{EA16F4E3-523B-4AD4-8D1D-6D607080FD6A}.Ad-Hoc|iPhoneSimulator.ActiveCfg = Release|Any CPU
		{EA16F4E3-523B-4AD4-8D1D-6D607080FD6A}.Ad-Hoc|iPhoneSimulator.Build.0 = Release|Any CPU
		{EA16F4E3-523B-4AD4-8D1D-6D607080FD6A}.Ad-Hoc|iPhoneSimulator.Deploy.0 = Release|Any CPU
		{EA16F4E3-523B-4AD4-8D1D-6D607080FD6A}.AppStore|Any CPU.ActiveCfg = Release|Any CPU
		{EA16F4E3-523B-4AD4-8D1D-6D607080FD6A}.AppStore|Any CPU.Build.0 = Release|Any CPU
		{EA16F4E3-523B-4AD4-8D1D-6D607080FD6A}.AppStore|Any CPU.Deploy.0 = Release|Any CPU
		{EA16F4E3-523B-4AD4-8D1D-6D607080FD6A}.AppStore|iPhone.ActiveCfg = Release|Any CPU
		{EA16F4E3-523B-4AD4-8D1D-6D607080FD6A}.AppStore|iPhone.Build.0 = Release|Any CPU
		{EA16F4E3-523B-4AD4-8D1D-6D607080FD6A}.AppStore|iPhone.Deploy.0 = Release|Any CPU
		{EA16F4E3-523B-4AD4-8D1D-6D607080FD6A}.AppStore|iPhoneSimulator.ActiveCfg = Release|Any CPU
		{EA16F4E3-523B-4AD4-8D1D-6D607080FD6A}.AppStore|iPhoneSimulator.Build.0 = Release|Any CPU
		{EA16F4E3-523B-4AD4-8D1D-6D607080FD6A}.AppStore|iPhoneSimulator.Deploy.0 = Release|Any CPU
		{EA16F4E3-523B-4AD4-8D1D-6D607080FD6A}.Debug|Any CPU.ActiveCfg = Debug|Any CPU
		{EA16F4E3-523B-4AD4-8D1D-6D607080FD6A}.Debug|Any CPU.Build.0 = Debug|Any CPU
		{EA16F4E3-523B-4AD4-8D1D-6D607080FD6A}.Debug|Any CPU.Deploy.0 = Debug|Any CPU
		{EA16F4E3-523B-4AD4-8D1D-6D607080FD6A}.Debug|iPhone.ActiveCfg = Debug|Any CPU
		{EA16F4E3-523B-4AD4-8D1D-6D607080FD6A}.Debug|iPhone.Build.0 = Debug|Any CPU
		{EA16F4E3-523B-4AD4-8D1D-6D607080FD6A}.Debug|iPhone.Deploy.0 = Debug|Any CPU
		{EA16F4E3-523B-4AD4-8D1D-6D607080FD6A}.Debug|iPhoneSimulator.ActiveCfg = Debug|Any CPU
		{EA16F4E3-523B-4AD4-8D1D-6D607080FD6A}.Debug|iPhoneSimulator.Build.0 = Debug|Any CPU
		{EA16F4E3-523B-4AD4-8D1D-6D607080FD6A}.Debug|iPhoneSimulator.Deploy.0 = Debug|Any CPU
		{EA16F4E3-523B-4AD4-8D1D-6D607080FD6A}.Release|Any CPU.ActiveCfg = Release|Any CPU
		{EA16F4E3-523B-4AD4-8D1D-6D607080FD6A}.Release|Any CPU.Build.0 = Release|Any CPU
		{EA16F4E3-523B-4AD4-8D1D-6D607080FD6A}.Release|Any CPU.Deploy.0 = Release|Any CPU
		{EA16F4E3-523B-4AD4-8D1D-6D607080FD6A}.Release|iPhone.ActiveCfg = Release|Any CPU
		{EA16F4E3-523B-4AD4-8D1D-6D607080FD6A}.Release|iPhone.Build.0 = Release|Any CPU
		{EA16F4E3-523B-4AD4-8D1D-6D607080FD6A}.Release|iPhone.Deploy.0 = Release|Any CPU
		{EA16F4E3-523B-4AD4-8D1D-6D607080FD6A}.Release|iPhoneSimulator.ActiveCfg = Release|Any CPU
		{EA16F4E3-523B-4AD4-8D1D-6D607080FD6A}.Release|iPhoneSimulator.Build.0 = Release|Any CPU
		{EA16F4E3-523B-4AD4-8D1D-6D607080FD6A}.Release|iPhoneSimulator.Deploy.0 = Release|Any CPU
		{D4B0E0CF-F30C-4345-848F-C0A114883BB4}.Ad-Hoc|Any CPU.ActiveCfg = Ad-Hoc|iPhone
		{D4B0E0CF-F30C-4345-848F-C0A114883BB4}.Ad-Hoc|iPhone.ActiveCfg = Ad-Hoc|iPhone
		{D4B0E0CF-F30C-4345-848F-C0A114883BB4}.Ad-Hoc|iPhone.Build.0 = Ad-Hoc|iPhone
		{D4B0E0CF-F30C-4345-848F-C0A114883BB4}.Ad-Hoc|iPhoneSimulator.ActiveCfg = Ad-Hoc|iPhoneSimulator
		{D4B0E0CF-F30C-4345-848F-C0A114883BB4}.Ad-Hoc|iPhoneSimulator.Build.0 = Ad-Hoc|iPhoneSimulator
		{D4B0E0CF-F30C-4345-848F-C0A114883BB4}.AppStore|Any CPU.ActiveCfg = AppStore|iPhone
		{D4B0E0CF-F30C-4345-848F-C0A114883BB4}.AppStore|iPhone.ActiveCfg = AppStore|iPhone
		{D4B0E0CF-F30C-4345-848F-C0A114883BB4}.AppStore|iPhone.Build.0 = AppStore|iPhone
		{D4B0E0CF-F30C-4345-848F-C0A114883BB4}.AppStore|iPhoneSimulator.ActiveCfg = AppStore|iPhoneSimulator
		{D4B0E0CF-F30C-4345-848F-C0A114883BB4}.AppStore|iPhoneSimulator.Build.0 = AppStore|iPhoneSimulator
		{D4B0E0CF-F30C-4345-848F-C0A114883BB4}.Debug|Any CPU.ActiveCfg = Debug|iPhone
		{D4B0E0CF-F30C-4345-848F-C0A114883BB4}.Debug|iPhone.ActiveCfg = Debug|iPhone
		{D4B0E0CF-F30C-4345-848F-C0A114883BB4}.Debug|iPhone.Build.0 = Debug|iPhone
		{D4B0E0CF-F30C-4345-848F-C0A114883BB4}.Debug|iPhoneSimulator.ActiveCfg = Debug|iPhoneSimulator
		{D4B0E0CF-F30C-4345-848F-C0A114883BB4}.Debug|iPhoneSimulator.Build.0 = Debug|iPhoneSimulator
		{D4B0E0CF-F30C-4345-848F-C0A114883BB4}.Release|Any CPU.ActiveCfg = Release|iPhone
		{D4B0E0CF-F30C-4345-848F-C0A114883BB4}.Release|iPhone.ActiveCfg = Release|iPhone
		{D4B0E0CF-F30C-4345-848F-C0A114883BB4}.Release|iPhone.Build.0 = Release|iPhone
		{D4B0E0CF-F30C-4345-848F-C0A114883BB4}.Release|iPhoneSimulator.ActiveCfg = Release|iPhoneSimulator
		{D4B0E0CF-F30C-4345-848F-C0A114883BB4}.Release|iPhoneSimulator.Build.0 = Release|iPhoneSimulator
		{A75B10CC-301A-4049-80C1-F8D8D7295C0E}.Ad-Hoc|Any CPU.ActiveCfg = Debug|Any CPU
		{A75B10CC-301A-4049-80C1-F8D8D7295C0E}.Ad-Hoc|Any CPU.Build.0 = Debug|Any CPU
		{A75B10CC-301A-4049-80C1-F8D8D7295C0E}.Ad-Hoc|iPhone.ActiveCfg = Debug|Any CPU
		{A75B10CC-301A-4049-80C1-F8D8D7295C0E}.Ad-Hoc|iPhone.Build.0 = Debug|Any CPU
		{A75B10CC-301A-4049-80C1-F8D8D7295C0E}.Ad-Hoc|iPhoneSimulator.ActiveCfg = Debug|Any CPU
		{A75B10CC-301A-4049-80C1-F8D8D7295C0E}.Ad-Hoc|iPhoneSimulator.Build.0 = Debug|Any CPU
		{A75B10CC-301A-4049-80C1-F8D8D7295C0E}.AppStore|Any CPU.ActiveCfg = Debug|Any CPU
		{A75B10CC-301A-4049-80C1-F8D8D7295C0E}.AppStore|Any CPU.Build.0 = Debug|Any CPU
		{A75B10CC-301A-4049-80C1-F8D8D7295C0E}.AppStore|iPhone.ActiveCfg = Debug|Any CPU
		{A75B10CC-301A-4049-80C1-F8D8D7295C0E}.AppStore|iPhone.Build.0 = Debug|Any CPU
		{A75B10CC-301A-4049-80C1-F8D8D7295C0E}.AppStore|iPhoneSimulator.ActiveCfg = Debug|Any CPU
		{A75B10CC-301A-4049-80C1-F8D8D7295C0E}.AppStore|iPhoneSimulator.Build.0 = Debug|Any CPU
		{A75B10CC-301A-4049-80C1-F8D8D7295C0E}.Debug|Any CPU.ActiveCfg = Debug|Any CPU
		{A75B10CC-301A-4049-80C1-F8D8D7295C0E}.Debug|Any CPU.Build.0 = Debug|Any CPU
		{A75B10CC-301A-4049-80C1-F8D8D7295C0E}.Debug|iPhone.ActiveCfg = Debug|Any CPU
		{A75B10CC-301A-4049-80C1-F8D8D7295C0E}.Debug|iPhone.Build.0 = Debug|Any CPU
		{A75B10CC-301A-4049-80C1-F8D8D7295C0E}.Debug|iPhoneSimulator.ActiveCfg = Debug|Any CPU
		{A75B10CC-301A-4049-80C1-F8D8D7295C0E}.Debug|iPhoneSimulator.Build.0 = Debug|Any CPU
		{A75B10CC-301A-4049-80C1-F8D8D7295C0E}.Release|Any CPU.ActiveCfg = Release|Any CPU
		{A75B10CC-301A-4049-80C1-F8D8D7295C0E}.Release|Any CPU.Build.0 = Release|Any CPU
		{A75B10CC-301A-4049-80C1-F8D8D7295C0E}.Release|iPhone.ActiveCfg = Release|Any CPU
		{A75B10CC-301A-4049-80C1-F8D8D7295C0E}.Release|iPhone.Build.0 = Release|Any CPU
		{A75B10CC-301A-4049-80C1-F8D8D7295C0E}.Release|iPhoneSimulator.ActiveCfg = Release|Any CPU
		{A75B10CC-301A-4049-80C1-F8D8D7295C0E}.Release|iPhoneSimulator.Build.0 = Release|Any CPU
	EndGlobalSection
	GlobalSection(SolutionProperties) = preSolution
		HideSolutionNode = FALSE
	EndGlobalSection
	GlobalSection(NestedProjects) = preSolution
		{758EB123-BBBA-4D3F-B5E9-98837FD8B441} = {D13460D8-7EED-433F-A3FE-4270C6F73862}
		{CD52B670-EFB5-47E2-9F34-3C86517E79CE} = {D13460D8-7EED-433F-A3FE-4270C6F73862}
		{2E31930C-751F-4DD9-BBEF-D488DE920EE7} = {D13460D8-7EED-433F-A3FE-4270C6F73862}
		{A2243665-C9EE-423C-9E0A-0E34738E8D27} = {A8EC13F3-1EF1-49EC-9571-556190297374}
		{2957BF06-019A-4B47-8AA5-BCA230ADBAEB} = {A8EC13F3-1EF1-49EC-9571-556190297374}
		{478E8121-6BE8-47DC-ACD5-F6965B4FFF34} = {A8EC13F3-1EF1-49EC-9571-556190297374}
		{EA16F4E3-523B-4AD4-8D1D-6D607080FD6A} = {9880C6B5-A560-48EA-917A-C2553AD3C555}
		{D4B0E0CF-F30C-4345-848F-C0A114883BB4} = {9880C6B5-A560-48EA-917A-C2553AD3C555}
		{A75B10CC-301A-4049-80C1-F8D8D7295C0E} = {9880C6B5-A560-48EA-917A-C2553AD3C555}
	EndGlobalSection
	GlobalSection(ExtensibilityGlobals) = postSolution
		SolutionGuid = {529B14BF-BFE6-48BD-A614-A8803540340B}
	EndGlobalSection
EndGlobal
